
Microsoft Visual Studio Solution File, Format Version 12.00
# Visual Studio Version 17
VisualStudioVersion = 17.7.34221.43
MinimumVisualStudioVersion = 10.0.40219.1
Project("{FAE04EC0-301F-11D3-BF4B-00C04F79EFBC}") = "POO", "POO\POO.csproj", "{ABA37C5E-80B3-486A-B924-F5F2DCB39E3A}"
EndProject
Project("{FAE04EC0-301F-11D3-BF4B-00C04F79EFBC}") = "Models", "Models\Models.csproj", "{FCF8DF4A-96C6-4AEF-A880-A616C38A071B}"
EndProject
Project("{FAE04EC0-301F-11D3-BF4B-00C04F79EFBC}") = "DAL", "DAL\DAL.csproj", "{C126C509-C6A5-4501-B658-CB921B6F74D6}"
EndProject
Project("{FAE04EC0-301F-11D3-BF4B-00C04F79EFBC}") = "BLL", "BLL\BLL.csproj", "{47FBF972-F968-47C6-A679-3B2CEF48E00A}"
EndProject
Global
	GlobalSection(SolutionConfigurationPlatforms) = preSolution
		Debug|Any CPU = Debug|Any CPU
		Release|Any CPU = Release|Any CPU
	EndGlobalSection
	GlobalSection(ProjectConfigurationPlatforms) = postSolution
		{ABA37C5E-80B3-486A-B924-F5F2DCB39E3A}.Debug|Any CPU.ActiveCfg = Debug|Any CPU
		{ABA37C5E-80B3-486A-B924-F5F2DCB39E3A}.Debug|Any CPU.Build.0 = Debug|Any CPU
		{ABA37C5E-80B3-486A-B924-F5F2DCB39E3A}.Release|Any CPU.ActiveCfg = Release|Any CPU
		{ABA37C5E-80B3-486A-B924-F5F2DCB39E3A}.Release|Any CPU.Build.0 = Release|Any CPU
		{FCF8DF4A-96C6-4AEF-A880-A616C38A071B}.Debug|Any CPU.ActiveCfg = Debug|Any CPU
		{FCF8DF4A-96C6-4AEF-A880-A616C38A071B}.Debug|Any CPU.Build.0 = Debug|Any CPU
		{FCF8DF4A-96C6-4AEF-A880-A616C38A071B}.Release|Any CPU.ActiveCfg = Release|Any CPU
		{FCF8DF4A-96C6-4AEF-A880-A616C38A071B}.Release|Any CPU.Build.0 = Release|Any CPU
		{C126C509-C6A5-4501-B658-CB921B6F74D6}.Debug|Any CPU.ActiveCfg = Debug|Any CPU
		{C126C509-C6A5-4501-B658-CB921B6F74D6}.Debug|Any CPU.Build.0 = Debug|Any CPU
		{C126C509-C6A5-4501-B658-CB921B6F74D6}.Release|Any CPU.ActiveCfg = Release|Any CPU
		{C126C509-C6A5-4501-B658-CB921B6F74D6}.Release|Any CPU.Build.0 = Release|Any CPU
		{47FBF972-F968-47C6-A679-3B2CEF48E00A}.Debug|Any CPU.ActiveCfg = Debug|Any CPU
		{47FBF972-F968-47C6-A679-3B2CEF48E00A}.Debug|Any CPU.Build.0 = Debug|Any CPU
		{47FBF972-F968-47C6-A679-3B2CEF48E00A}.Release|Any CPU.ActiveCfg = Release|Any CPU
		{47FBF972-F968-47C6-A679-3B2CEF48E00A}.Release|Any CPU.Build.0 = Release|Any CPU
	EndGlobalSection
	GlobalSection(SolutionProperties) = preSolution
		HideSolutionNode = FALSE
	EndGlobalSection
	GlobalSection(ExtensibilityGlobals) = postSolution
		SolutionGuid = {1F9D94DF-7688-4E46-AA4C-E0DD06F883FC}
	EndGlobalSection
EndGlobal
